
Microsoft Visual Studio Solution File, Format Version 12.00
# Visual Studio Version 16
VisualStudioVersion = 16.0.30128.74
MinimumVisualStudioVersion = 10.0.40219.1
Project("{FAE04EC0-301F-11D3-BF4B-00C04F79EFBC}") = "Taxi.Common", "Taxi.Common\Taxi.Common.csproj", "{3B744C44-C0C9-4DFA-B7D3-5E1AB3A1D5B7}"
EndProject
Project("{FAE04EC0-301F-11D3-BF4B-00C04F79EFBC}") = "Taxi.Web", "Taxi.Web\Taxi.Web.csproj", "{C5D5C649-90A5-47A6-BDC2-60D013D7ED6F}"
EndProject
Project("{FAE04EC0-301F-11D3-BF4B-00C04F79EFBC}") = "Taxi.Prism", "Taxi.Prism\Taxi.Prism\Taxi.Prism.csproj", "{10264C97-97EE-4C3D-913D-81280563236A}"
EndProject
Project("{FAE04EC0-301F-11D3-BF4B-00C04F79EFBC}") = "Taxi.Prism.Android", "Taxi.Prism\Taxi.Prism.Android\Taxi.Prism.Android.csproj", "{E7614ABB-F0CD-485E-AC58-D430D49E2651}"
EndProject
Project("{FAE04EC0-301F-11D3-BF4B-00C04F79EFBC}") = "Taxi.Prism.iOS", "Taxi.Prism\Taxi.Prism.iOS\Taxi.Prism.iOS.csproj", "{5E13EBBB-9032-47CC-A7FA-9484D4BDC405}"
EndProject
Project("{FAE04EC0-301F-11D3-BF4B-00C04F79EFBC}") = "Taxi.Cross.Android", "Taxi.Cross.Android\Taxi.Cross.Android.csproj", "{E03D044F-7D20-411C-A9CD-C888194B6A6C}"
EndProject
Project("{FAE04EC0-301F-11D3-BF4B-00C04F79EFBC}") = "Taxi.Cross.iOS", "Taxi.Cross.iOS\Taxi.Cross.iOS.csproj", "{4DDC3C91-FAF7-4496-84D5-EC9AFB953459}"
EndProject
Global
	GlobalSection(SolutionConfigurationPlatforms) = preSolution
		Ad-Hoc|Any CPU = Ad-Hoc|Any CPU
		Ad-Hoc|iPhone = Ad-Hoc|iPhone
		Ad-Hoc|iPhoneSimulator = Ad-Hoc|iPhoneSimulator
		AppStore|Any CPU = AppStore|Any CPU
		AppStore|iPhone = AppStore|iPhone
		AppStore|iPhoneSimulator = AppStore|iPhoneSimulator
		Debug|Any CPU = Debug|Any CPU
		Debug|iPhone = Debug|iPhone
		Debug|iPhoneSimulator = Debug|iPhoneSimulator
		Release|Any CPU = Release|Any CPU
		Release|iPhone = Release|iPhone
		Release|iPhoneSimulator = Release|iPhoneSimulator
	EndGlobalSection
	GlobalSection(ProjectConfigurationPlatforms) = postSolution
		{3B744C44-C0C9-4DFA-B7D3-5E1AB3A1D5B7}.Ad-Hoc|Any CPU.ActiveCfg = Debug|Any CPU
		{3B744C44-C0C9-4DFA-B7D3-5E1AB3A1D5B7}.Ad-Hoc|Any CPU.Build.0 = Debug|Any CPU
		{3B744C44-C0C9-4DFA-B7D3-5E1AB3A1D5B7}.Ad-Hoc|iPhone.ActiveCfg = Debug|Any CPU
		{3B744C44-C0C9-4DFA-B7D3-5E1AB3A1D5B7}.Ad-Hoc|iPhone.Build.0 = Debug|Any CPU
		{3B744C44-C0C9-4DFA-B7D3-5E1AB3A1D5B7}.Ad-Hoc|iPhoneSimulator.ActiveCfg = Debug|Any CPU
		{3B744C44-C0C9-4DFA-B7D3-5E1AB3A1D5B7}.Ad-Hoc|iPhoneSimulator.Build.0 = Debug|Any CPU
		{3B744C44-C0C9-4DFA-B7D3-5E1AB3A1D5B7}.AppStore|Any CPU.ActiveCfg = Debug|Any CPU
		{3B744C44-C0C9-4DFA-B7D3-5E1AB3A1D5B7}.AppStore|Any CPU.Build.0 = Debug|Any CPU
		{3B744C44-C0C9-4DFA-B7D3-5E1AB3A1D5B7}.AppStore|iPhone.ActiveCfg = Debug|Any CPU
		{3B744C44-C0C9-4DFA-B7D3-5E1AB3A1D5B7}.AppStore|iPhone.Build.0 = Debug|Any CPU
		{3B744C44-C0C9-4DFA-B7D3-5E1AB3A1D5B7}.AppStore|iPhoneSimulator.ActiveCfg = Debug|Any CPU
		{3B744C44-C0C9-4DFA-B7D3-5E1AB3A1D5B7}.AppStore|iPhoneSimulator.Build.0 = Debug|Any CPU
		{3B744C44-C0C9-4DFA-B7D3-5E1AB3A1D5B7}.Debug|Any CPU.ActiveCfg = Debug|Any CPU
		{3B744C44-C0C9-4DFA-B7D3-5E1AB3A1D5B7}.Debug|Any CPU.Build.0 = Debug|Any CPU
		{3B744C44-C0C9-4DFA-B7D3-5E1AB3A1D5B7}.Debug|iPhone.ActiveCfg = Debug|Any CPU
		{3B744C44-C0C9-4DFA-B7D3-5E1AB3A1D5B7}.Debug|iPhone.Build.0 = Debug|Any CPU
		{3B744C44-C0C9-4DFA-B7D3-5E1AB3A1D5B7}.Debug|iPhoneSimulator.ActiveCfg = Debug|Any CPU
		{3B744C44-C0C9-4DFA-B7D3-5E1AB3A1D5B7}.Debug|iPhoneSimulator.Build.0 = Debug|Any CPU
		{3B744C44-C0C9-4DFA-B7D3-5E1AB3A1D5B7}.Release|Any CPU.ActiveCfg = Release|Any CPU
		{3B744C44-C0C9-4DFA-B7D3-5E1AB3A1D5B7}.Release|Any CPU.Build.0 = Release|Any CPU
		{3B744C44-C0C9-4DFA-B7D3-5E1AB3A1D5B7}.Release|iPhone.ActiveCfg = Release|Any CPU
		{3B744C44-C0C9-4DFA-B7D3-5E1AB3A1D5B7}.Release|iPhone.Build.0 = Release|Any CPU
		{3B744C44-C0C9-4DFA-B7D3-5E1AB3A1D5B7}.Release|iPhoneSimulator.ActiveCfg = Release|Any CPU
		{3B744C44-C0C9-4DFA-B7D3-5E1AB3A1D5B7}.Release|iPhoneSimulator.Build.0 = Release|Any CPU
		{C5D5C649-90A5-47A6-BDC2-60D013D7ED6F}.Ad-Hoc|Any CPU.ActiveCfg = Debug|Any CPU
		{C5D5C649-90A5-47A6-BDC2-60D013D7ED6F}.Ad-Hoc|Any CPU.Build.0 = Debug|Any CPU
		{C5D5C649-90A5-47A6-BDC2-60D013D7ED6F}.Ad-Hoc|iPhone.ActiveCfg = Debug|Any CPU
		{C5D5C649-90A5-47A6-BDC2-60D013D7ED6F}.Ad-Hoc|iPhone.Build.0 = Debug|Any CPU
		{C5D5C649-90A5-47A6-BDC2-60D013D7ED6F}.Ad-Hoc|iPhoneSimulator.ActiveCfg = Debug|Any CPU
		{C5D5C649-90A5-47A6-BDC2-60D013D7ED6F}.Ad-Hoc|iPhoneSimulator.Build.0 = Debug|Any CPU
		{C5D5C649-90A5-47A6-BDC2-60D013D7ED6F}.AppStore|Any CPU.ActiveCfg = Debug|Any CPU
		{C5D5C649-90A5-47A6-BDC2-60D013D7ED6F}.AppStore|Any CPU.Build.0 = Debug|Any CPU
		{C5D5C649-90A5-47A6-BDC2-60D013D7ED6F}.AppStore|iPhone.ActiveCfg = Debug|Any CPU
		{C5D5C649-90A5-47A6-BDC2-60D013D7ED6F}.AppStore|iPhone.Build.0 = Debug|Any CPU
		{C5D5C649-90A5-47A6-BDC2-60D013D7ED6F}.AppStore|iPhoneSimulator.ActiveCfg = Debug|Any CPU
		{C5D5C649-90A5-47A6-BDC2-60D013D7ED6F}.AppStore|iPhoneSimulator.Build.0 = Debug|Any CPU
		{C5D5C649-90A5-47A6-BDC2-60D013D7ED6F}.Debug|Any CPU.ActiveCfg = Debug|Any CPU
		{C5D5C649-90A5-47A6-BDC2-60D013D7ED6F}.Debug|Any CPU.Build.0 = Debug|Any CPU
		{C5D5C649-90A5-47A6-BDC2-60D013D7ED6F}.Debug|iPhone.ActiveCfg = Debug|Any CPU
		{C5D5C649-90A5-47A6-BDC2-60D013D7ED6F}.Debug|iPhone.Build.0 = Debug|Any CPU
		{C5D5C649-90A5-47A6-BDC2-60D013D7ED6F}.Debug|iPhoneSimulator.ActiveCfg = Debug|Any CPU
		{C5D5C649-90A5-47A6-BDC2-60D013D7ED6F}.Debug|iPhoneSimulator.Build.0 = Debug|Any CPU
		{C5D5C649-90A5-47A6-BDC2-60D013D7ED6F}.Release|Any CPU.ActiveCfg = Release|Any CPU
		{C5D5C649-90A5-47A6-BDC2-60D013D7ED6F}.Release|Any CPU.Build.0 = Release|Any CPU
		{C5D5C649-90A5-47A6-BDC2-60D013D7ED6F}.Release|iPhone.ActiveCfg = Release|Any CPU
		{C5D5C649-90A5-47A6-BDC2-60D013D7ED6F}.Release|iPhone.Build.0 = Release|Any CPU
		{C5D5C649-90A5-47A6-BDC2-60D013D7ED6F}.Release|iPhoneSimulator.ActiveCfg = Release|Any CPU
		{C5D5C649-90A5-47A6-BDC2-60D013D7ED6F}.Release|iPhoneSimulator.Build.0 = Release|Any CPU
		{10264C97-97EE-4C3D-913D-81280563236A}.Ad-Hoc|Any CPU.ActiveCfg = Debug|Any CPU
		{10264C97-97EE-4C3D-913D-81280563236A}.Ad-Hoc|Any CPU.Build.0 = Debug|Any CPU
		{10264C97-97EE-4C3D-913D-81280563236A}.Ad-Hoc|iPhone.ActiveCfg = Debug|Any CPU
		{10264C97-97EE-4C3D-913D-81280563236A}.Ad-Hoc|iPhone.Build.0 = Debug|Any CPU
		{10264C97-97EE-4C3D-913D-81280563236A}.Ad-Hoc|iPhoneSimulator.ActiveCfg = Debug|Any CPU
		{10264C97-97EE-4C3D-913D-81280563236A}.Ad-Hoc|iPhoneSimulator.Build.0 = Debug|Any CPU
		{10264C97-97EE-4C3D-913D-81280563236A}.AppStore|Any CPU.ActiveCfg = Debug|Any CPU
		{10264C97-97EE-4C3D-913D-81280563236A}.AppStore|Any CPU.Build.0 = Debug|Any CPU
		{10264C97-97EE-4C3D-913D-81280563236A}.AppStore|iPhone.ActiveCfg = Debug|Any CPU
		{10264C97-97EE-4C3D-913D-81280563236A}.AppStore|iPhone.Build.0 = Debug|Any CPU
		{10264C97-97EE-4C3D-913D-81280563236A}.AppStore|iPhoneSimulator.ActiveCfg = Debug|Any CPU
		{10264C97-97EE-4C3D-913D-81280563236A}.AppStore|iPhoneSimulator.Build.0 = Debug|Any CPU
		{10264C97-97EE-4C3D-913D-81280563236A}.Debug|Any CPU.ActiveCfg = Debug|Any CPU
		{10264C97-97EE-4C3D-913D-81280563236A}.Debug|Any CPU.Build.0 = Debug|Any CPU
		{10264C97-97EE-4C3D-913D-81280563236A}.Debug|iPhone.ActiveCfg = Debug|Any CPU
		{10264C97-97EE-4C3D-913D-81280563236A}.Debug|iPhone.Build.0 = Debug|Any CPU
		{10264C97-97EE-4C3D-913D-81280563236A}.Debug|iPhoneSimulator.ActiveCfg = Debug|Any CPU
		{10264C97-97EE-4C3D-913D-81280563236A}.Debug|iPhoneSimulator.Build.0 = Debug|Any CPU
		{10264C97-97EE-4C3D-913D-81280563236A}.Release|Any CPU.ActiveCfg = Release|Any CPU
		{10264C97-97EE-4C3D-913D-81280563236A}.Release|Any CPU.Build.0 = Release|Any CPU
		{10264C97-97EE-4C3D-913D-81280563236A}.Release|iPhone.ActiveCfg = Release|Any CPU
		{10264C97-97EE-4C3D-913D-81280563236A}.Release|iPhone.Build.0 = Release|Any CPU
		{10264C97-97EE-4C3D-913D-81280563236A}.Release|iPhoneSimulator.ActiveCfg = Release|Any CPU
		{10264C97-97EE-4C3D-913D-81280563236A}.Release|iPhoneSimulator.Build.0 = Release|Any CPU
		{E7614ABB-F0CD-485E-AC58-D430D49E2651}.Ad-Hoc|Any CPU.ActiveCfg = Release|Any CPU
		{E7614ABB-F0CD-485E-AC58-D430D49E2651}.Ad-Hoc|Any CPU.Build.0 = Release|Any CPU
		{E7614ABB-F0CD-485E-AC58-D430D49E2651}.Ad-Hoc|Any CPU.Deploy.0 = Release|Any CPU
		{E7614ABB-F0CD-485E-AC58-D430D49E2651}.Ad-Hoc|iPhone.ActiveCfg = Release|Any CPU
		{E7614ABB-F0CD-485E-AC58-D430D49E2651}.Ad-Hoc|iPhone.Build.0 = Release|Any CPU
		{E7614ABB-F0CD-485E-AC58-D430D49E2651}.Ad-Hoc|iPhone.Deploy.0 = Release|Any CPU
		{E7614ABB-F0CD-485E-AC58-D430D49E2651}.Ad-Hoc|iPhoneSimulator.ActiveCfg = Release|Any CPU
		{E7614ABB-F0CD-485E-AC58-D430D49E2651}.Ad-Hoc|iPhoneSimulator.Build.0 = Release|Any CPU
		{E7614ABB-F0CD-485E-AC58-D430D49E2651}.Ad-Hoc|iPhoneSimulator.Deploy.0 = Release|Any CPU
		{E7614ABB-F0CD-485E-AC58-D430D49E2651}.AppStore|Any CPU.ActiveCfg = Release|Any CPU
		{E7614ABB-F0CD-485E-AC58-D430D49E2651}.AppStore|Any CPU.Build.0 = Release|Any CPU
		{E7614ABB-F0CD-485E-AC58-D430D49E2651}.AppStore|Any CPU.Deploy.0 = Release|Any CPU
		{E7614ABB-F0CD-485E-AC58-D430D49E2651}.AppStore|iPhone.ActiveCfg = Release|Any CPU
		{E7614ABB-F0CD-485E-AC58-D430D49E2651}.AppStore|iPhone.Build.0 = Release|Any CPU
		{E7614ABB-F0CD-485E-AC58-D430D49E2651}.AppStore|iPhone.Deploy.0 = Release|Any CPU
		{E7614ABB-F0CD-485E-AC58-D430D49E2651}.AppStore|iPhoneSimulator.ActiveCfg = Release|Any CPU
		{E7614ABB-F0CD-485E-AC58-D430D49E2651}.AppStore|iPhoneSimulator.Build.0 = Release|Any CPU
		{E7614ABB-F0CD-485E-AC58-D430D49E2651}.AppStore|iPhoneSimulator.Deploy.0 = Release|Any CPU
		{E7614ABB-F0CD-485E-AC58-D430D49E2651}.Debug|Any CPU.ActiveCfg = Debug|Any CPU
		{E7614ABB-F0CD-485E-AC58-D430D49E2651}.Debug|Any CPU.Build.0 = Debug|Any CPU
		{E7614ABB-F0CD-485E-AC58-D430D49E2651}.Debug|Any CPU.Deploy.0 = Debug|Any CPU
		{E7614ABB-F0CD-485E-AC58-D430D49E2651}.Debug|iPhone.ActiveCfg = Debug|Any CPU
		{E7614ABB-F0CD-485E-AC58-D430D49E2651}.Debug|iPhone.Build.0 = Debug|Any CPU
		{E7614ABB-F0CD-485E-AC58-D430D49E2651}.Debug|iPhone.Deploy.0 = Debug|Any CPU
		{E7614ABB-F0CD-485E-AC58-D430D49E2651}.Debug|iPhoneSimulator.ActiveCfg = Debug|Any CPU
		{E7614ABB-F0CD-485E-AC58-D430D49E2651}.Debug|iPhoneSimulator.Build.0 = Debug|Any CPU
		{E7614ABB-F0CD-485E-AC58-D430D49E2651}.Debug|iPhoneSimulator.Deploy.0 = Debug|Any CPU
		{E7614ABB-F0CD-485E-AC58-D430D49E2651}.Release|Any CPU.ActiveCfg = Release|Any CPU
		{E7614ABB-F0CD-485E-AC58-D430D49E2651}.Release|Any CPU.Build.0 = Release|Any CPU
		{E7614ABB-F0CD-485E-AC58-D430D49E2651}.Release|Any CPU.Deploy.0 = Release|Any CPU
		{E7614ABB-F0CD-485E-AC58-D430D49E2651}.Release|iPhone.ActiveCfg = Release|Any CPU
		{E7614ABB-F0CD-485E-AC58-D430D49E2651}.Release|iPhone.Build.0 = Release|Any CPU
		{E7614ABB-F0CD-485E-AC58-D430D49E2651}.Release|iPhone.Deploy.0 = Release|Any CPU
		{E7614ABB-F0CD-485E-AC58-D430D49E2651}.Release|iPhoneSimulator.ActiveCfg = Release|Any CPU
		{E7614ABB-F0CD-485E-AC58-D430D49E2651}.Release|iPhoneSimulator.Build.0 = Release|Any CPU
		{E7614ABB-F0CD-485E-AC58-D430D49E2651}.Release|iPhoneSimulator.Deploy.0 = Release|Any CPU
		{5E13EBBB-9032-47CC-A7FA-9484D4BDC405}.Ad-Hoc|Any CPU.ActiveCfg = Ad-Hoc|iPhone
		{5E13EBBB-9032-47CC-A7FA-9484D4BDC405}.Ad-Hoc|iPhone.ActiveCfg = Ad-Hoc|iPhone
		{5E13EBBB-9032-47CC-A7FA-9484D4BDC405}.Ad-Hoc|iPhone.Build.0 = Ad-Hoc|iPhone
		{5E13EBBB-9032-47CC-A7FA-9484D4BDC405}.Ad-Hoc|iPhoneSimulator.ActiveCfg = Ad-Hoc|iPhoneSimulator
		{5E13EBBB-9032-47CC-A7FA-9484D4BDC405}.Ad-Hoc|iPhoneSimulator.Build.0 = Ad-Hoc|iPhoneSimulator
		{5E13EBBB-9032-47CC-A7FA-9484D4BDC405}.AppStore|Any CPU.ActiveCfg = AppStore|iPhone
		{5E13EBBB-9032-47CC-A7FA-9484D4BDC405}.AppStore|iPhone.ActiveCfg = AppStore|iPhone
		{5E13EBBB-9032-47CC-A7FA-9484D4BDC405}.AppStore|iPhone.Build.0 = AppStore|iPhone
		{5E13EBBB-9032-47CC-A7FA-9484D4BDC405}.AppStore|iPhoneSimulator.ActiveCfg = AppStore|iPhoneSimulator
		{5E13EBBB-9032-47CC-A7FA-9484D4BDC405}.AppStore|iPhoneSimulator.Build.0 = AppStore|iPhoneSimulator
		{5E13EBBB-9032-47CC-A7FA-9484D4BDC405}.Debug|Any CPU.ActiveCfg = Debug|iPhone
		{5E13EBBB-9032-47CC-A7FA-9484D4BDC405}.Debug|iPhone.ActiveCfg = Debug|iPhone
		{5E13EBBB-9032-47CC-A7FA-9484D4BDC405}.Debug|iPhone.Build.0 = Debug|iPhone
		{5E13EBBB-9032-47CC-A7FA-9484D4BDC405}.Debug|iPhoneSimulator.ActiveCfg = Debug|iPhoneSimulator
		{5E13EBBB-9032-47CC-A7FA-9484D4BDC405}.Debug|iPhoneSimulator.Build.0 = Debug|iPhoneSimulator
		{5E13EBBB-9032-47CC-A7FA-9484D4BDC405}.Release|Any CPU.ActiveCfg = Release|iPhone
		{5E13EBBB-9032-47CC-A7FA-9484D4BDC405}.Release|iPhone.ActiveCfg = Release|iPhone
		{5E13EBBB-9032-47CC-A7FA-9484D4BDC405}.Release|iPhone.Build.0 = Release|iPhone
		{5E13EBBB-9032-47CC-A7FA-9484D4BDC405}.Release|iPhoneSimulator.ActiveCfg = Release|iPhoneSimulator
		{5E13EBBB-9032-47CC-A7FA-9484D4BDC405}.Release|iPhoneSimulator.Build.0 = Release|iPhoneSimulator
		{E03D044F-7D20-411C-A9CD-C888194B6A6C}.Ad-Hoc|Any CPU.ActiveCfg = Release|Any CPU
		{E03D044F-7D20-411C-A9CD-C888194B6A6C}.Ad-Hoc|Any CPU.Build.0 = Release|Any CPU
		{E03D044F-7D20-411C-A9CD-C888194B6A6C}.Ad-Hoc|Any CPU.Deploy.0 = Release|Any CPU
		{E03D044F-7D20-411C-A9CD-C888194B6A6C}.Ad-Hoc|iPhone.ActiveCfg = Release|Any CPU
		{E03D044F-7D20-411C-A9CD-C888194B6A6C}.Ad-Hoc|iPhone.Build.0 = Release|Any CPU
		{E03D044F-7D20-411C-A9CD-C888194B6A6C}.Ad-Hoc|iPhone.Deploy.0 = Release|Any CPU
		{E03D044F-7D20-411C-A9CD-C888194B6A6C}.Ad-Hoc|iPhoneSimulator.ActiveCfg = Release|Any CPU
		{E03D044F-7D20-411C-A9CD-C888194B6A6C}.Ad-Hoc|iPhoneSimulator.Build.0 = Release|Any CPU
		{E03D044F-7D20-411C-A9CD-C888194B6A6C}.Ad-Hoc|iPhoneSimulator.Deploy.0 = Release|Any CPU
		{E03D044F-7D20-411C-A9CD-C888194B6A6C}.AppStore|Any CPU.ActiveCfg = Release|Any CPU
		{E03D044F-7D20-411C-A9CD-C888194B6A6C}.AppStore|Any CPU.Build.0 = Release|Any CPU
		{E03D044F-7D20-411C-A9CD-C888194B6A6C}.AppStore|Any CPU.Deploy.0 = Release|Any CPU
		{E03D044F-7D20-411C-A9CD-C888194B6A6C}.AppStore|iPhone.ActiveCfg = Release|Any CPU
		{E03D044F-7D20-411C-A9CD-C888194B6A6C}.AppStore|iPhone.Build.0 = Release|Any CPU
		{E03D044F-7D20-411C-A9CD-C888194B6A6C}.AppStore|iPhone.Deploy.0 = Release|Any CPU
		{E03D044F-7D20-411C-A9CD-C888194B6A6C}.AppStore|iPhoneSimulator.ActiveCfg = Release|Any CPU
		{E03D044F-7D20-411C-A9CD-C888194B6A6C}.AppStore|iPhoneSimulator.Build.0 = Release|Any CPU
		{E03D044F-7D20-411C-A9CD-C888194B6A6C}.AppStore|iPhoneSimulator.Deploy.0 = Release|Any CPU
		{E03D044F-7D20-411C-A9CD-C888194B6A6C}.Debug|Any CPU.ActiveCfg = Debug|Any CPU
		{E03D044F-7D20-411C-A9CD-C888194B6A6C}.Debug|Any CPU.Build.0 = Debug|Any CPU
		{E03D044F-7D20-411C-A9CD-C888194B6A6C}.Debug|Any CPU.Deploy.0 = Debug|Any CPU
		{E03D044F-7D20-411C-A9CD-C888194B6A6C}.Debug|iPhone.ActiveCfg = Debug|Any CPU
		{E03D044F-7D20-411C-A9CD-C888194B6A6C}.Debug|iPhone.Build.0 = Debug|Any CPU
		{E03D044F-7D20-411C-A9CD-C888194B6A6C}.Debug|iPhone.Deploy.0 = Debug|Any CPU
		{E03D044F-7D20-411C-A9CD-C888194B6A6C}.Debug|iPhoneSimulator.ActiveCfg = Debug|Any CPU
		{E03D044F-7D20-411C-A9CD-C888194B6A6C}.Debug|iPhoneSimulator.Build.0 = Debug|Any CPU
		{E03D044F-7D20-411C-A9CD-C888194B6A6C}.Debug|iPhoneSimulator.Deploy.0 = Debug|Any CPU
		{E03D044F-7D20-411C-A9CD-C888194B6A6C}.Release|Any CPU.ActiveCfg = Release|Any CPU
		{E03D044F-7D20-411C-A9CD-C888194B6A6C}.Release|Any CPU.Build.0 = Release|Any CPU
		{E03D044F-7D20-411C-A9CD-C888194B6A6C}.Release|Any CPU.Deploy.0 = Release|Any CPU
		{E03D044F-7D20-411C-A9CD-C888194B6A6C}.Release|iPhone.ActiveCfg = Release|Any CPU
		{E03D044F-7D20-411C-A9CD-C888194B6A6C}.Release|iPhone.Build.0 = Release|Any CPU
		{E03D044F-7D20-411C-A9CD-C888194B6A6C}.Release|iPhone.Deploy.0 = Release|Any CPU
		{E03D044F-7D20-411C-A9CD-C888194B6A6C}.Release|iPhoneSimulator.ActiveCfg = Release|Any CPU
		{E03D044F-7D20-411C-A9CD-C888194B6A6C}.Release|iPhoneSimulator.Build.0 = Release|Any CPU
		{E03D044F-7D20-411C-A9CD-C888194B6A6C}.Release|iPhoneSimulator.Deploy.0 = Release|Any CPU
		{4DDC3C91-FAF7-4496-84D5-EC9AFB953459}.Ad-Hoc|Any CPU.ActiveCfg = Release|iPhone
		{4DDC3C91-FAF7-4496-84D5-EC9AFB953459}.Ad-Hoc|Any CPU.Build.0 = Release|iPhone
		{4DDC3C91-FAF7-4496-84D5-EC9AFB953459}.Ad-Hoc|iPhone.ActiveCfg = Release|iPhone
		{4DDC3C91-FAF7-4496-84D5-EC9AFB953459}.Ad-Hoc|iPhone.Build.0 = Release|iPhone
		{4DDC3C91-FAF7-4496-84D5-EC9AFB953459}.Ad-Hoc|iPhoneSimulator.ActiveCfg = Release|iPhoneSimulator
		{4DDC3C91-FAF7-4496-84D5-EC9AFB953459}.Ad-Hoc|iPhoneSimulator.Build.0 = Release|iPhoneSimulator
		{4DDC3C91-FAF7-4496-84D5-EC9AFB953459}.AppStore|Any CPU.ActiveCfg = Release|iPhone
		{4DDC3C91-FAF7-4496-84D5-EC9AFB953459}.AppStore|Any CPU.Build.0 = Release|iPhone
		{4DDC3C91-FAF7-4496-84D5-EC9AFB953459}.AppStore|iPhone.ActiveCfg = Release|iPhone
		{4DDC3C91-FAF7-4496-84D5-EC9AFB953459}.AppStore|iPhone.Build.0 = Release|iPhone
		{4DDC3C91-FAF7-4496-84D5-EC9AFB953459}.AppStore|iPhoneSimulator.ActiveCfg = Release|iPhoneSimulator
		{4DDC3C91-FAF7-4496-84D5-EC9AFB953459}.AppStore|iPhoneSimulator.Build.0 = Release|iPhoneSimulator
		{4DDC3C91-FAF7-4496-84D5-EC9AFB953459}.Debug|Any CPU.ActiveCfg = Debug|iPhone
		{4DDC3C91-FAF7-4496-84D5-EC9AFB953459}.Debug|iPhone.ActiveCfg = Debug|iPhone
		{4DDC3C91-FAF7-4496-84D5-EC9AFB953459}.Debug|iPhone.Build.0 = Debug|iPhone
		{4DDC3C91-FAF7-4496-84D5-EC9AFB953459}.Debug|iPhoneSimulator.ActiveCfg = Debug|iPhoneSimulator
		{4DDC3C91-FAF7-4496-84D5-EC9AFB953459}.Debug|iPhoneSimulator.Build.0 = Debug|iPhoneSimulator
		{4DDC3C91-FAF7-4496-84D5-EC9AFB953459}.Release|Any CPU.ActiveCfg = Release|iPhone
		{4DDC3C91-FAF7-4496-84D5-EC9AFB953459}.Release|iPhone.ActiveCfg = Release|iPhone
		{4DDC3C91-FAF7-4496-84D5-EC9AFB953459}.Release|iPhone.Build.0 = Release|iPhone
		{4DDC3C91-FAF7-4496-84D5-EC9AFB953459}.Release|iPhoneSimulator.ActiveCfg = Release|iPhoneSimulator
		{4DDC3C91-FAF7-4496-84D5-EC9AFB953459}.Release|iPhoneSimulator.Build.0 = Release|iPhoneSimulator
	EndGlobalSection
	GlobalSection(SolutionProperties) = preSolution
		HideSolutionNode = FALSE
	EndGlobalSection
	GlobalSection(ExtensibilityGlobals) = postSolution
		SolutionGuid = {25E6B99B-D6C6-4B08-81C0-643A8B46BB8C}
	EndGlobalSection
EndGlobal
